
Microsoft Visual Studio Solution File, Format Version 11.00
# Visual Studio 2010
Project("{FAE04EC0-301F-11D3-BF4B-00C04F79EFBC}") = "ProjectNightmare", "Assembly-CSharp-firstpass.csproj", "{3C18007F-4565-E3C9-AB02-71D75BDDFC2C}"
EndProject
Project("{FAE04EC0-301F-11D3-BF4B-00C04F79EFBC}") = "ProjectNightmare", "Assembly-CSharp.csproj", "{84B08622-B211-55A5-078E-78887181C1C4}"
EndProject
Global
	GlobalSection(SolutionConfigurationPlatforms) = preSolution
		Debug|Any CPU = Debug|Any CPU
		Release|Any CPU = Release|Any CPU
	EndGlobalSection
	GlobalSection(ProjectConfigurationPlatforms) = postSolution
		{3C18007F-4565-E3C9-AB02-71D75BDDFC2C}.Debug|Any CPU.ActiveCfg = Debug|Any CPU
		{3C18007F-4565-E3C9-AB02-71D75BDDFC2C}.Debug|Any CPU.Build.0 = Debug|Any CPU
		{3C18007F-4565-E3C9-AB02-71D75BDDFC2C}.Release|Any CPU.ActiveCfg = Release|Any CPU
		{3C18007F-4565-E3C9-AB02-71D75BDDFC2C}.Release|Any CPU.Build.0 = Release|Any CPU
		{84B08622-B211-55A5-078E-78887181C1C4}.Debug|Any CPU.ActiveCfg = Debug|Any CPU
		{84B08622-B211-55A5-078E-78887181C1C4}.Debug|Any CPU.Build.0 = Debug|Any CPU
		{84B08622-B211-55A5-078E-78887181C1C4}.Release|Any CPU.ActiveCfg = Release|Any CPU
		{84B08622-B211-55A5-078E-78887181C1C4}.Release|Any CPU.Build.0 = Release|Any CPU
	EndGlobalSection
	GlobalSection(SolutionProperties) = preSolution
		HideSolutionNode = FALSE
	EndGlobalSection
	GlobalSection(MonoDevelopProperties) = preSolution
		StartupItem = Assembly-CSharp.csproj
	EndGlobalSection
EndGlobal
